<?xml version="1.0" encoding="utf-8"?>
<Project ToolsVersion="4.0" xmlns="http://schemas.microsoft.com/developer/msbuild/2003">
  <ItemGroup>
    <Filter Include="Source Files">
      <UniqueIdentifier>{4FC737F1-C7A5-4376-A066-2A32D752A2FF}</UniqueIdentifier>
      <Extensions>cpp;c;cc;cxx;def;odl;idl;hpj;bat;asm;asmx</Extensions>
    </Filter>
    <Filter Include="Header Files">
      <UniqueIdentifier>{93995380-89BD-4b04-88EB-625FBE52EBFB}</UniqueIdentifier>
      <Extensions>h;hpp;hxx;hm;inl;inc;xsd</Extensions>
    </Filter>
    <Filter Include="Resource Files">
      <UniqueIdentifier>{67DA6AB6-F800-4c08-8B7A-83BB121AAD01}</UniqueIdentifier>
      <Extensions>rc;ico;cur;bmp;dlg;rc2;rct;bin;rgs;gif;jpg;jpeg;jpe;resx;tiff;tif;png;wav;mfcribbon-ms</Extensions>
    </Filter>
  </ItemGroup>
  <ItemGroup>
    <ClCompile Include="stdafx.cpp">
      <Filter>Source Files</Filter>
    </ClCompile>
    <ClCompile Include="Vision.cpp">
      <Filter>Source Files</Filter>
    </ClCompile>
    <ClCompile Include="src\IMUData.cpp">
      <Filter>Source Files</Filter>
    </ClCompile>
    <ClCompile Include="src\IMUSensor.cpp">
      <Filter>Source Files</Filter>
    </ClCompile>
    <ClCompile Include="src\KalmanFilter.cpp">
      <Filter>Source Files</Filter>
    </ClCompile>
    <ClCompile Include="src\KinectData.cpp">
      <Filter>Source Files</Filter>
    </ClCompile>
    <ClCompile Include="src\KinectSensor.cpp">
      <Filter>Source Files</Filter>
    </ClCompile>
    <ClCompile Include="src\LidarData.cpp">
      <Filter>Source Files</Filter>
    </ClCompile>
    <ClCompile Include="src\LidarSensor.cpp">
      <Filter>Source Files</Filter>
    </ClCompile>
    <ClCompile Include="src\Obstacle.cpp">
      <Filter>Source Files</Filter>
    </ClCompile>
    <ClCompile Include="src\PhoneIMUSensor.cpp">
      <Filter>Source Files</Filter>
    </ClCompile>
    <ClCompile Include="src\R2Kart.cpp">
      <Filter>Source Files</Filter>
    </ClCompile>
    <ClCompile Include="src\R2State.cpp">
      <Filter>Source Files</Filter>
    </ClCompile>
    <ClCompile Include="src\Sensor.cpp">
      <Filter>Source Files</Filter>
    </ClCompile>
    <ClCompile Include="src\SensorData.cpp">
      <Filter>Source Files</Filter>
    </ClCompile>
    <ClCompile Include="src\SensorDataBag.cpp">
      <Filter>Source Files</Filter>
    </ClCompile>
    <ClCompile Include="src\UltrasoundData.cpp">
      <Filter>Source Files</Filter>
    </ClCompile>
    <ClCompile Include="src\UltrasoundSensor.cpp">
      <Filter>Source Files</Filter>
    </ClCompile>
    <ClCompile Include="src\ConstantKalmanFilter.cpp">
      <Filter>Source Files</Filter>
    </ClCompile>
    <ClCompile Include="src\EncoderData.cpp">
      <Filter>Source Files</Filter>
    </ClCompile>
    <ClCompile Include="src\EncoderSensor.cpp">
      <Filter>Source Files</Filter>
    </ClCompile>
    <ClCompile Include="src\HighwayData.cpp">
      <Filter>Source Files</Filter>
    </ClCompile>
    <ClCompile Include="src\HighwaySensor.cpp">
      <Filter>Source Files</Filter>
    </ClCompile>
    <ClCompile Include="src\GlueSensor.cpp">
      <Filter>Source Files</Filter>
    </ClCompile>
  </ItemGroup>
  <ItemGroup>
    <ClInclude Include="stdafx.h">
      <Filter>Header Files</Filter>
    </ClInclude>
    <ClInclude Include="targetver.h">
      <Filter>Header Files</Filter>
    </ClInclude>
    <ClInclude Include="Vision.h">
      <Filter>Header Files</Filter>
    </ClInclude>
    <ClInclude Include="PeriodicTimer.h">
      <Filter>Header Files</Filter>
    </ClInclude>
    <ClInclude Include="include\ConstantKalmanFilter.h">
      <Filter>Header Files</Filter>
    </ClInclude>
    <ClInclude Include="include\EncoderData.h">
      <Filter>Header Files</Filter>
    </ClInclude>
    <ClInclude Include="include\EncoderSensor.h">
      <Filter>Header Files</Filter>
    </ClInclude>
    <ClInclude Include="include\HighwayData.h">
      <Filter>Header Files</Filter>
    </ClInclude>
    <ClInclude Include="include\HighwaySensor.h">
      <Filter>Header Files</Filter>
    </ClInclude>
    <ClInclude Include="include\IMUData.h">
      <Filter>Header Files</Filter>
    </ClInclude>
    <ClInclude Include="include\IMUSensor.h">
      <Filter>Header Files</Filter>
    </ClInclude>
    <ClInclude Include="include\KalmanFilter.h">
      <Filter>Header Files</Filter>
    </ClInclude>
    <ClInclude Include="include\KinectData.h">
      <Filter>Header Files</Filter>
    </ClInclude>
    <ClInclude Include="include\KinectSensor.h">
      <Filter>Header Files</Filter>
    </ClInclude>
    <ClInclude Include="include\LidarData.h">
      <Filter>Header Files</Filter>
    </ClInclude>
    <ClInclude Include="include\LidarSensor.h">
      <Filter>Header Files</Filter>
    </ClInclude>
    <ClInclude Include="include\Obstacle.h">
      <Filter>Header Files</Filter>
    </ClInclude>
    <ClInclude Include="include\PhoneIMUSensor.h">
      <Filter>Header Files</Filter>
    </ClInclude>
    <ClInclude Include="include\R2State.h">
      <Filter>Header Files</Filter>
    </ClInclude>
    <ClInclude Include="include\Sensor.h">
      <Filter>Header Files</Filter>
    </ClInclude>
    <ClInclude Include="include\SensorData.h">
      <Filter>Header Files</Filter>
    </ClInclude>
    <ClInclude Include="include\SensorDataBag.h">
      <Filter>Header Files</Filter>
    </ClInclude>
    <ClInclude Include="include\targetver.h">
      <Filter>Header Files</Filter>
    </ClInclude>
    <ClInclude Include="include\UltrasoundData.h">
      <Filter>Header Files</Filter>
    </ClInclude>
    <ClInclude Include="include\UltrasoundSensor.h">
      <Filter>Header Files</Filter>
    </ClInclude>
    <ClInclude Include="include\GlueSensor.h">
      <Filter>Header Files</Filter>
    </ClInclude>
  </ItemGroup>
</Project>